
Microsoft Visual Studio Solution File, Format Version 12.00
# Visual Studio Version 16
VisualStudioVersion = 16.0.30413.136
MinimumVisualStudioVersion = 10.0.40219.1
Project("{8BC9CEB8-8B4A-11D0-8D11-00A0C91BC942}") = "PrimeFactorizationUInt64", "PrimeFactorizationUInt64\PrimeFactorizationUInt64.vcxproj", "{902D6255-1368-4BEC-9D42-A24F79FD36CD}"
EndProject
Project("{8BC9CEB8-8B4A-11D0-8D11-00A0C91BC942}") = "UInt64Operation", "UInt64Operation\UInt64Operation.vcxproj", "{FAE449C9-C4D1-4816-BD10-F8C9565A3324}"
EndProject
Project("{8BC9CEB8-8B4A-11D0-8D11-00A0C91BC942}") = "UInt64OperationTest", "UInt64OperationTest\UInt64OperationTest.vcxproj", "{F5C02D1B-8A32-45BB-86D2-30EE174EEEC6}"
EndProject
Global
	GlobalSection(SolutionConfigurationPlatforms) = preSolution
		Debug|x64 = Debug|x64
		Debug|x86 = Debug|x86
		Release|x64 = Release|x64
		Release|x86 = Release|x86
	EndGlobalSection
	GlobalSection(ProjectConfigurationPlatforms) = postSolution
		{902D6255-1368-4BEC-9D42-A24F79FD36CD}.Debug|x64.ActiveCfg = Debug|x64
		{902D6255-1368-4BEC-9D42-A24F79FD36CD}.Debug|x64.Build.0 = Debug|x64
		{902D6255-1368-4BEC-9D42-A24F79FD36CD}.Debug|x86.ActiveCfg = Debug|x64
		{902D6255-1368-4BEC-9D42-A24F79FD36CD}.Release|x64.ActiveCfg = Release|x64
		{902D6255-1368-4BEC-9D42-A24F79FD36CD}.Release|x64.Build.0 = Release|x64
		{902D6255-1368-4BEC-9D42-A24F79FD36CD}.Release|x86.ActiveCfg = Release|x64
		{FAE449C9-C4D1-4816-BD10-F8C9565A3324}.Debug|x64.ActiveCfg = Debug|x64
		{FAE449C9-C4D1-4816-BD10-F8C9565A3324}.Debug|x64.Build.0 = Debug|x64
		{FAE449C9-C4D1-4816-BD10-F8C9565A3324}.Debug|x86.ActiveCfg = Debug|x64
		{FAE449C9-C4D1-4816-BD10-F8C9565A3324}.Release|x64.ActiveCfg = Release|x64
		{FAE449C9-C4D1-4816-BD10-F8C9565A3324}.Release|x64.Build.0 = Release|x64
		{FAE449C9-C4D1-4816-BD10-F8C9565A3324}.Release|x86.ActiveCfg = Release|x64
		{F5C02D1B-8A32-45BB-86D2-30EE174EEEC6}.Debug|x64.ActiveCfg = Debug|x64
		{F5C02D1B-8A32-45BB-86D2-30EE174EEEC6}.Debug|x64.Build.0 = Debug|x64
		{F5C02D1B-8A32-45BB-86D2-30EE174EEEC6}.Debug|x86.ActiveCfg = Debug|Win32
		{F5C02D1B-8A32-45BB-86D2-30EE174EEEC6}.Debug|x86.Build.0 = Debug|Win32
		{F5C02D1B-8A32-45BB-86D2-30EE174EEEC6}.Release|x64.ActiveCfg = Release|x64
		{F5C02D1B-8A32-45BB-86D2-30EE174EEEC6}.Release|x64.Build.0 = Release|x64
		{F5C02D1B-8A32-45BB-86D2-30EE174EEEC6}.Release|x86.ActiveCfg = Release|Win32
		{F5C02D1B-8A32-45BB-86D2-30EE174EEEC6}.Release|x86.Build.0 = Release|Win32
	EndGlobalSection
	GlobalSection(SolutionProperties) = preSolution
		HideSolutionNode = FALSE
	EndGlobalSection
	GlobalSection(ExtensibilityGlobals) = postSolution
		SolutionGuid = {F1FAD73E-3B55-413C-ADDF-BFDB0C9752F6}
	EndGlobalSection
EndGlobal
